
Microsoft Visual Studio Solution File, Format Version 12.00
Project("{FAE04EC0-301F-11D3-BF4B-00C04F79EFBC}") = "Hoist", "src\Hoist\Hoist.csproj", "{546B86B0-744F-4663-990F-1B5945E5EF2D}"
EndProject
Project("{FAE04EC0-301F-11D3-BF4B-00C04F79EFBC}") = "Docker.Registry.DotNet", "..\Docker.Registry.DotNet\src\Docker.Registry.DotNet\Docker.Registry.DotNet.csproj", "{4488E250-6E4E-40BC-9776-873B726DE144}"
EndProject
Project("{2150E333-8FDC-42A3-9474-1A3956D46DE8}") = "src", "src", "{70F0E0C5-A7C3-44C6-8015-4D4A4CA95670}"
ProjectSection(SolutionItems) = preProject
	README.md = README.md
EndProjectSection
EndProject
Project("{2150E333-8FDC-42A3-9474-1A3956D46DE8}") = "demo", "demo", "{1A620C22-3453-46FE-9E06-DD1C9EABE442}"
ProjectSection(SolutionItems) = preProject
	demo\README.md = demo\README.md
EndProjectSection
EndProject
Project("{2150E333-8FDC-42A3-9474-1A3956D46DE8}") = "ubuntu", "ubuntu", "{C844BE81-037B-4A5A-85E6-C4B48FA41D40}"
ProjectSection(SolutionItems) = preProject
	demo\ubuntu\Dockerfile = demo\ubuntu\Dockerfile
EndProjectSection
EndProject
Project("{2150E333-8FDC-42A3-9474-1A3956D46DE8}") = "dotnet", "dotnet", "{A4CAB45A-AE63-4B52-9F82-3EC910F5F580}"
ProjectSection(SolutionItems) = preProject
	demo\dotnet\Dockerfile = demo\dotnet\Dockerfile
	demo\dotnet\.dockerignore = demo\dotnet\.dockerignore
EndProjectSection
EndProject
Project("{FAE04EC0-301F-11D3-BF4B-00C04F79EFBC}") = "WebApplication", "demo\dotnet\WebApplication\WebApplication.csproj", "{644B42E3-02BB-42C4-9F0D-DAB0F3BE84D2}"
EndProject
Project("{FAE04EC0-301F-11D3-BF4B-00C04F79EFBC}") = "Hoist.Tests", "src\Hoist.Tests\Hoist.Tests.csproj", "{54D816BD-B231-42A9-902D-C7A8740E1460}"
EndProject
Project("{2150E333-8FDC-42A3-9474-1A3956D46DE8}") = "lib", "lib", "{9912540A-5FD2-40B5-B449-2666210A887B}"
EndProject
Global
	GlobalSection(SolutionConfigurationPlatforms) = preSolution
		Debug|Any CPU = Debug|Any CPU
		Release|Any CPU = Release|Any CPU
	EndGlobalSection
	GlobalSection(ProjectConfigurationPlatforms) = postSolution
		{546B86B0-744F-4663-990F-1B5945E5EF2D}.Debug|Any CPU.ActiveCfg = Debug|Any CPU
		{546B86B0-744F-4663-990F-1B5945E5EF2D}.Debug|Any CPU.Build.0 = Debug|Any CPU
		{546B86B0-744F-4663-990F-1B5945E5EF2D}.Release|Any CPU.ActiveCfg = Release|Any CPU
		{546B86B0-744F-4663-990F-1B5945E5EF2D}.Release|Any CPU.Build.0 = Release|Any CPU
		{4488E250-6E4E-40BC-9776-873B726DE144}.Debug|Any CPU.ActiveCfg = Debug|Any CPU
		{4488E250-6E4E-40BC-9776-873B726DE144}.Debug|Any CPU.Build.0 = Debug|Any CPU
		{4488E250-6E4E-40BC-9776-873B726DE144}.Release|Any CPU.ActiveCfg = Release|Any CPU
		{4488E250-6E4E-40BC-9776-873B726DE144}.Release|Any CPU.Build.0 = Release|Any CPU
		{644B42E3-02BB-42C4-9F0D-DAB0F3BE84D2}.Debug|Any CPU.ActiveCfg = Debug|Any CPU
		{644B42E3-02BB-42C4-9F0D-DAB0F3BE84D2}.Debug|Any CPU.Build.0 = Debug|Any CPU
		{644B42E3-02BB-42C4-9F0D-DAB0F3BE84D2}.Release|Any CPU.ActiveCfg = Release|Any CPU
		{644B42E3-02BB-42C4-9F0D-DAB0F3BE84D2}.Release|Any CPU.Build.0 = Release|Any CPU
		{54D816BD-B231-42A9-902D-C7A8740E1460}.Debug|Any CPU.ActiveCfg = Debug|Any CPU
		{54D816BD-B231-42A9-902D-C7A8740E1460}.Debug|Any CPU.Build.0 = Debug|Any CPU
		{54D816BD-B231-42A9-902D-C7A8740E1460}.Release|Any CPU.ActiveCfg = Release|Any CPU
		{54D816BD-B231-42A9-902D-C7A8740E1460}.Release|Any CPU.Build.0 = Release|Any CPU
	EndGlobalSection
	GlobalSection(NestedProjects) = preSolution
		{546B86B0-744F-4663-990F-1B5945E5EF2D} = {70F0E0C5-A7C3-44C6-8015-4D4A4CA95670}
		{C844BE81-037B-4A5A-85E6-C4B48FA41D40} = {1A620C22-3453-46FE-9E06-DD1C9EABE442}
		{A4CAB45A-AE63-4B52-9F82-3EC910F5F580} = {1A620C22-3453-46FE-9E06-DD1C9EABE442}
		{644B42E3-02BB-42C4-9F0D-DAB0F3BE84D2} = {A4CAB45A-AE63-4B52-9F82-3EC910F5F580}
		{54D816BD-B231-42A9-902D-C7A8740E1460} = {70F0E0C5-A7C3-44C6-8015-4D4A4CA95670}
		{4488E250-6E4E-40BC-9776-873B726DE144} = {9912540A-5FD2-40B5-B449-2666210A887B}
	EndGlobalSection
EndGlobal
